// !$*UTF8*$!
{
	archiveVersion = 1;
	classes = {
	};
	objectVersion = 46;
	objects = {

/* Begin PBXBuildFile section */
		53A0ECBF20CB02E600AF807F /* AppDelegate.swift in Sources */ = {isa = PBXBuildFile; fileRef = 53A0ECBE20CB02E600AF807F /* AppDelegate.swift */; };
		53A0ECC120CB02E600AF807F /* ViewController.swift in Sources */ = {isa = PBXBuildFile; fileRef = 53A0ECC020CB02E600AF807F /* ViewController.swift */; };
		53A0ECC420CB02E600AF807F /* Main.storyboard in Resources */ = {isa = PBXBuildFile; fileRef = 53A0ECC220CB02E600AF807F /* Main.storyboard */; };
		53A0ECC620CB02E600AF807F /* Assets.xcassets in Resources */ = {isa = PBXBuildFile; fileRef = 53A0ECC520CB02E600AF807F /* Assets.xcassets */; };
		53A0ECC920CB02E600AF807F /* LaunchScreen.storyboard in Resources */ = {isa = PBXBuildFile; fileRef = 53A0ECC720CB02E600AF807F /* LaunchScreen.storyboard */; };
		53A0ECD120CB097800AF807F /* DetailVCAbbigliamento.swift in Sources */ = {isa = PBXBuildFile; fileRef = 53A0ECD020CB097800AF807F /* DetailVCAbbigliamento.swift */; };
		53E6195720CC15A200F50CB5 /* DetailVCAlimenti.swift in Sources */ = {isa = PBXBuildFile; fileRef = 53E6195620CC15A200F50CB5 /* DetailVCAlimenti.swift */; };
		53E6195A20CC3A0E00F50CB5 /* ProductsModel.swift in Sources */ = {isa = PBXBuildFile; fileRef = 53E6195920CC3A0E00F50CB5 /* ProductsModel.swift */; };
		53E6195C20CC3B6100F50CB5 /* AbbigliamentoModel.swift in Sources */ = {isa = PBXBuildFile; fileRef = 53E6195B20CC3B6100F50CB5 /* AbbigliamentoModel.swift */; };
		53E6195E20CC3BCD00F50CB5 /* AlimentiModel.swift in Sources */ = {isa = PBXBuildFile; fileRef = 53E6195D20CC3BCD00F50CB5 /* AlimentiModel.swift */; };
/* End PBXBuildFile section */

/* Begin PBXFileReference section */
		53A0ECBB20CB02E600AF807F /* randomProducts.app */ = {isa = PBXFileReference; explicitFileType = wrapper.application; includeInIndex = 0; path = randomProducts.app; sourceTree = BUILT_PRODUCTS_DIR; };
		53A0ECBE20CB02E600AF807F /* AppDelegate.swift */ = {isa = PBXFileReference; lastKnownFileType = sourcecode.swift; path = AppDelegate.swift; sourceTree = "<group>"; };
		53A0ECC020CB02E600AF807F /* ViewController.swift */ = {isa = PBXFileReference; lastKnownFileType = sourcecode.swift; path = ViewController.swift; sourceTree = "<group>"; };
		53A0ECC320CB02E600AF807F /* Base */ = {isa = PBXFileReference; lastKnownFileType = file.storyboard; name = Base; path = Base.lproj/Main.storyboard; sourceTree = "<group>"; };
		53A0ECC520CB02E600AF807F /* Assets.xcassets */ = {isa = PBXFileReference; lastKnownFileType = folder.assetcatalog; path = Assets.xcassets; sourceTree = "<group>"; };
		53A0ECC820CB02E600AF807F /* Base */ = {isa = PBXFileReference; lastKnownFileType = file.storyboard; name = Base; path = Base.lproj/LaunchScreen.storyboard; sourceTree = "<group>"; };
		53A0ECCA20CB02E600AF807F /* Info.plist */ = {isa = PBXFileReference; lastKnownFileType = text.plist.xml; path = Info.plist; sourceTree = "<group>"; };
		53A0ECD020CB097800AF807F /* DetailVCAbbigliamento.swift */ = {isa = PBXFileReference; fileEncoding = 4; lastKnownFileType = sourcecode.swift; path = DetailVCAbbigliamento.swift; sourceTree = "<group>"; };
		53E6195620CC15A200F50CB5 /* DetailVCAlimenti.swift */ = {isa = PBXFileReference; fileEncoding = 4; lastKnownFileType = sourcecode.swift; path = DetailVCAlimenti.swift; sourceTree = "<group>"; };
		53E6195920CC3A0E00F50CB5 /* ProductsModel.swift */ = {isa = PBXFileReference; fileEncoding = 4; lastKnownFileType = sourcecode.swift; path = ProductsModel.swift; sourceTree = "<group>"; };
		53E6195B20CC3B6100F50CB5 /* AbbigliamentoModel.swift */ = {isa = PBXFileReference; fileEncoding = 4; lastKnownFileType = sourcecode.swift; path = AbbigliamentoModel.swift; sourceTree = "<group>"; };
		53E6195D20CC3BCD00F50CB5 /* AlimentiModel.swift */ = {isa = PBXFileReference; fileEncoding = 4; lastKnownFileType = sourcecode.swift; path = AlimentiModel.swift; sourceTree = "<group>"; };
/* End PBXFileReference section */

/* Begin PBXFrameworksBuildPhase section */
		53A0ECB820CB02E600AF807F /* Frameworks */ = {
			isa = PBXFrameworksBuildPhase;
			buildActionMask = 2147483647;
			files = (
			);
			runOnlyForDeploymentPostprocessing = 0;
		};
/* End PBXFrameworksBuildPhase section */

/* Begin PBXGroup section */
		53A0ECB220CB02E600AF807F = {
			isa = PBXGroup;
			children = (
				53A0ECBD20CB02E600AF807F /* randomProducts */,
				53A0ECBC20CB02E600AF807F /* Products */,
			);
			sourceTree = "<group>";
		};
		53A0ECBC20CB02E600AF807F /* Products */ = {
			isa = PBXGroup;
			children = (
				53A0ECBB20CB02E600AF807F /* randomProducts.app */,
			);
			name = Products;
			sourceTree = "<group>";
		};
		53A0ECBD20CB02E600AF807F /* randomProducts */ = {
			isa = PBXGroup;
			children = (
				53E6195820CC39A300F50CB5 /* Model */,
				53A0ECBE20CB02E600AF807F /* AppDelegate.swift */,
				53A0ECC020CB02E600AF807F /* ViewController.swift */,
				53A0ECD020CB097800AF807F /* DetailVCAbbigliamento.swift */,
				53E6195620CC15A200F50CB5 /* DetailVCAlimenti.swift */,
				53A0ECC220CB02E600AF807F /* Main.storyboard */,
				53A0ECC520CB02E600AF807F /* Assets.xcassets */,
				53A0ECC720CB02E600AF807F /* LaunchScreen.storyboard */,
				53A0ECCA20CB02E600AF807F /* Info.plist */,
			);
			path = randomProducts;
			sourceTree = "<group>";
		};
		53E6195820CC39A300F50CB5 /* Model */ = {
			isa = PBXGroup;
			children = (
				53E6195920CC3A0E00F50CB5 /* ProductsModel.swift */,
				53E6195B20CC3B6100F50CB5 /* AbbigliamentoModel.swift */,
				53E6195D20CC3BCD00F50CB5 /* AlimentiModel.swift */,
			);
			name = Model;
			sourceTree = "<group>";
		};
/* End PBXGroup section */

/* Begin PBXNativeTarget section */
		53A0ECBA20CB02E600AF807F /* randomProducts */ = {
			isa = PBXNativeTarget;
			buildConfigurationList = 53A0ECCD20CB02E600AF807F /* Build configuration list for PBXNativeTarget "randomProducts" */;
			buildPhases = (
				53A0ECB720CB02E600AF807F /* Sources */,
				53A0ECB820CB02E600AF807F /* Frameworks */,
				53A0ECB920CB02E600AF807F /* Resources */,
			);
			buildRules = (
			);
			dependencies = (
			);
			name = randomProducts;
			productName = randomProducts;
			productReference = 53A0ECBB20CB02E600AF807F /* randomProducts.app */;
			productType = "com.apple.product-type.application";
		};
/* End PBXNativeTarget section */

/* Begin PBXProject section */
		53A0ECB320CB02E600AF807F /* Project object */ = {
			isa = PBXProject;
			attributes = {
				LastSwiftUpdateCheck = 0830;
				LastUpgradeCheck = 0830;
				ORGANIZATIONNAME = CHR;
				TargetAttributes = {
					53A0ECBA20CB02E600AF807F = {
						CreatedOnToolsVersion = 8.3;
						ProvisioningStyle = Automatic;
					};
				};
			};
			buildConfigurationList = 53A0ECB620CB02E600AF807F /* Build configuration list for PBXProject "randomProducts" */;
			compatibilityVersion = "Xcode 3.2";
			developmentRegion = English;
			hasScannedForEncodings = 0;
			knownRegions = (
				en,
				Base,
			);
			mainGroup = 53A0ECB220CB02E600AF807F;
			productRefGroup = 53A0ECBC20CB02E600AF807F /* Products */;
			projectDirPath = "";
			projectRoot = "";
			targets = (
				53A0ECBA20CB02E600AF807F /* randomProducts */,
			);
		};
/* End PBXProject section */

/* Begin PBXResourcesBuildPhase section */
		53A0ECB920CB02E600AF807F /* Resources */ = {
			isa = PBXResourcesBuildPhase;
			buildActionMask = 2147483647;
			files = (
				53A0ECC920CB02E600AF807F /* LaunchScreen.storyboard in Resources */,
				53A0ECC620CB02E600AF807F /* Assets.xcassets in Resources */,
				53A0ECC420CB02E600AF807F /* Main.storyboard in Resources */,
			);
			runOnlyForDeploymentPostprocessing = 0;
		};
/* End PBXResourcesBuildPhase section */

/* Begin PBXSourcesBuildPhase section */
		53A0ECB720CB02E600AF807F /* Sources */ = {
			isa = PBXSourcesBuildPhase;
			buildActionMask = 2147483647;
			files = (
				53E6195720CC15A200F50CB5 /* DetailVCAlimenti.swift in Sources */,
				53E6195A20CC3A0E00F50CB5 /* ProductsModel.swift in Sources */,
				53E6195C20CC3B6100F50CB5 /* AbbigliamentoModel.swift in Sources */,
				53A0ECC120CB02E600AF807F /* ViewController.swift in Sources */,
				53A0ECD120CB097800AF807F /* DetailVCAbbigliamento.swift in Sources */,
				53A0ECBF20CB02E600AF807F /* AppDelegate.swift in Sources */,
				53E6195E20CC3BCD00F50CB5 /* AlimentiModel.swift in Sources */,
			);
			runOnlyForDeploymentPostprocessing = 0;
		};
/* End PBXSourcesBuildPhase section */

/* Begin PBXVariantGroup section */
		53A0ECC220CB02E600AF807F /* Main.storyboard */ = {
			isa = PBXVariantGroup;
			children = (
				53A0ECC320CB02E600AF807F /* Base */,
			);
			name = Main.storyboard;
			sourceTree = "<group>";
		};
		53A0ECC720CB02E600AF807F /* LaunchScreen.storyboard */ = {
			isa = PBXVariantGroup;
			children = (
				53A0ECC820CB02E600AF807F /* Base */,
			);
			name = LaunchScreen.storyboard;
			sourceTree = "<group>";
		};
/* End PBXVariantGroup section */

/* Begin XCBuildConfiguration section */
		53A0ECCB20CB02E600AF807F /* Debug */ = {
			isa = XCBuildConfiguration;
			buildSettings = {
				ALWAYS_SEARCH_USER_PATHS = NO;
				CLANG_ANALYZER_NONNULL = YES;
				CLANG_ANALYZER_NUMBER_OBJECT_CONVERSION = YES_AGGRESSIVE;
				CLANG_CXX_LANGUAGE_STANDARD = "gnu++0x";
				CLANG_CXX_LIBRARY = "libc++";
				CLANG_ENABLE_MODULES = YES;
				CLANG_ENABLE_OBJC_ARC = YES;
				CLANG_WARN_BOOL_CONVERSION = YES;
				CLANG_WARN_CONSTANT_CONVERSION = YES;
				CLANG_WARN_DIRECT_OBJC_ISA_USAGE = YES_ERROR;
				CLANG_WARN_DOCUMENTATION_COMMENTS = YES;
				CLANG_WARN_EMPTY_BODY = YES;
				CLANG_WARN_ENUM_CONVERSION = YES;
				CLANG_WARN_INFINITE_RECURSION = YES;
				CLANG_WARN_INT_CONVERSION = YES;
				CLANG_WARN_OBJC_ROOT_CLASS = YES_ERROR;
				CLANG_WARN_SUSPICIOUS_MOVE = YES;
				CLANG_WARN_UNREACHABLE_CODE = YES;
				CLANG_WARN__DUPLICATE_METHOD_MATCH = YES;
				"CODE_SIGN_IDENTITY[sdk=iphoneos*]" = "iPhone Developer";
				COPY_PHASE_STRIP = NO;
				DEBUG_INFORMATION_FORMAT = dwarf;
				ENABLE_STRICT_OBJC_MSGSEND = YES;
				ENABLE_TESTABILITY = YES;
				GCC_C_LANGUAGE_STANDARD = gnu99;
				GCC_DYNAMIC_NO_PIC = NO;
				GCC_NO_COMMON_BLOCKS = YES;
				GCC_OPTIMIZATION_LEVEL = 0;
				GCC_PREPROCESSOR_DEFINITIONS = (
					"DEBUG=1",
					"$(inherited)",
				);
				GCC_WARN_64_TO_32_BIT_CONVERSION = YES;
				GCC_WARN_ABOUT_RETURN_TYPE = YES_ERROR;
				GCC_WARN_UNDECLARED_SELECTOR = YES;
				GCC_WARN_UNINITIALIZED_AUTOS = YES_AGGRESSIVE;
				GCC_WARN_UNUSED_FUNCTION = YES;
				GCC_WARN_UNUSED_VARIABLE = YES;
				IPHONEOS_DEPLOYMENT_TARGET = 10.3;
				MTL_ENABLE_DEBUG_INFO = YES;
				ONLY_ACTIVE_ARCH = YES;
				SDKROOT = iphoneos;
				SWIFT_ACTIVE_COMPILATION_CONDITIONS = DEBUG;
				SWIFT_OPTIMIZATION_LEVEL = "-Onone";
				TARGETED_DEVICE_FAMILY = "1,2";
			};
			name = Debug;
		};
		53A0ECCC20CB02E600AF807F /* Release */ = {
			isa = XCBuildConfiguration;
			buildSettings = {
				ALWAYS_SEARCH_USER_PATHS = NO;
				CLANG_ANALYZER_NONNULL = YES;
				CLANG_ANALYZER_NUMBER_OBJECT_CONVERSION = YES_AGGRESSIVE;
				CLANG_CXX_LANGUAGE_STANDARD = "gnu++0x";
				CLANG_CXX_LIBRARY = "libc++";
				CLANG_ENABLE_MODULES = YES;
				CLANG_ENABLE_OBJC_ARC = YES;
				CLANG_WARN_BOOL_CONVERSION = YES;
				CLANG_WARN_CONSTANT_CONVERSION = YES;
				CLANG_WARN_DIRECT_OBJC_ISA_USAGE = YES_ERROR;
				CLANG_WARN_DOCUMENTATION_COMMENTS = YES;
				CLANG_WARN_EMPTY_BODY = YES;
				CLANG_WARN_ENUM_CONVERSION = YES;
				CLANG_WARN_INFINITE_RECURSION = YES;
				CLANG_WARN_INT_CONVERSION = YES;
				CLANG_WARN_OBJC_ROOT_CLASS = YES_ERROR;
				CLANG_WARN_SUSPICIOUS_MOVE = YES;
				CLANG_WARN_UNREACHABLE_CODE = YES;
				CLANG_WARN__DUPLICATE_METHOD_MATCH = YES;
				"CODE_SIGN_IDENTITY[sdk=iphoneos*]" = "iPhone Developer";
				COPY_PHASE_STRIP = NO;
				DEBUG_INFORMATION_FORMAT = "dwarf-with-dsym";
				ENABLE_NS_ASSERTIONS = NO;
				ENABLE_STRICT_OBJC_MSGSEND = YES;
				GCC_C_LANGUAGE_STANDARD = gnu99;
				GCC_NO_COMMON_BLOCKS = YES;
				GCC_WARN_64_TO_32_BIT_CONVERSION = YES;
				GCC_WARN_ABOUT_RETURN_TYPE = YES_ERROR;
				GCC_WARN_UNDECLARED_SELECTOR = YES;
				GCC_WARN_UNINITIALIZED_AUTOS = YES_AGGRESSIVE;
				GCC_WARN_UNUSED_FUNCTION = YES;
				GCC_WARN_UNUSED_VARIABLE = YES;
				IPHONEOS_DEPLOYMENT_TARGET = 10.3;
				MTL_ENABLE_DEBUG_INFO = NO;
				SDKROOT = iphoneos;
				SWIFT_OPTIMIZATION_LEVEL = "-Owholemodule";
				TARGETED_DEVICE_FAMILY = "1,2";
				VALIDATE_PRODUCT = YES;
			};
			name = Release;
		};
		53A0ECCE20CB02E600AF807F /* Debug */ = {
			isa = XCBuildConfiguration;
			buildSettings = {
				ASSETCATALOG_COMPILER_APPICON_NAME = AppIcon;
				INFOPLIST_FILE = randomProducts/Info.plist;
				LD_RUNPATH_SEARCH_PATHS = "$(inherited) @executable_path/Frameworks";
				PRODUCT_BUNDLE_IDENTIFIER = CHR.randomProducts;
				PRODUCT_NAME = "$(TARGET_NAME)";
				SWIFT_VERSION = 3.0;
			};
			name = Debug;
		};
		53A0ECCF20CB02E600AF807F /* Release */ = {
			isa = XCBuildConfiguration;
			buildSettings = {
				ASSETCATALOG_COMPILER_APPICON_NAME = AppIcon;
				INFOPLIST_FILE = randomProducts/Info.plist;
				LD_RUNPATH_SEARCH_PATHS = "$(inherited) @executable_path/Frameworks";
				PRODUCT_BUNDLE_IDENTIFIER = CHR.randomProducts;
				PRODUCT_NAME = "$(TARGET_NAME)";
				SWIFT_VERSION = 3.0;
			};
			name = Release;
		};
/* End XCBuildConfiguration section */

/* Begin XCConfigurationList section */
		53A0ECB620CB02E600AF807F /* Build configuration list for PBXProject "randomProducts" */ = {
			isa = XCConfigurationList;
			buildConfigurations = (
				53A0ECCB20CB02E600AF807F /* Debug */,
				53A0ECCC20CB02E600AF807F /* Release */,
			);
			defaultConfigurationIsVisible = 0;
			defaultConfigurationName = Release;
		};
		53A0ECCD20CB02E600AF807F /* Build configuration list for PBXNativeTarget "randomProducts" */ = {
			isa = XCConfigurationList;
			buildConfigurations = (
				53A0ECCE20CB02E600AF807F /* Debug */,
				53A0ECCF20CB02E600AF807F /* Release */,
			);
			defaultConfigurationIsVisible = 0;
			defaultConfigurationName = Release;
		};
/* End XCConfigurationList section */
	};
	rootObject = 53A0ECB320CB02E600AF807F /* Project object */;
}
